
Microsoft Visual Studio Solution File, Format Version 12.00
# Visual Studio Version 16
VisualStudioVersion = 16.0.31515.178
MinimumVisualStudioVersion = 10.0.40219.1
Project("{FAE04EC0-301F-11D3-BF4B-00C04F79EFBC}") = "tareas-server", "tareas-server\tareas-server.csproj", "{40B27F08-3125-4750-BD76-BC3614903636}"
EndProject
Global
	GlobalSection(SolutionConfigurationPlatforms) = preSolution
		Debug|Any CPU = Debug|Any CPU
		Release|Any CPU = Release|Any CPU
	EndGlobalSection
	GlobalSection(ProjectConfigurationPlatforms) = postSolution
		{40B27F08-3125-4750-BD76-BC3614903636}.Debug|Any CPU.ActiveCfg = Debug|Any CPU
		{40B27F08-3125-4750-BD76-BC3614903636}.Debug|Any CPU.Build.0 = Debug|Any CPU
		{40B27F08-3125-4750-BD76-BC3614903636}.Release|Any CPU.ActiveCfg = Release|Any CPU
		{40B27F08-3125-4750-BD76-BC3614903636}.Release|Any CPU.Build.0 = Release|Any CPU
	EndGlobalSection
	GlobalSection(SolutionProperties) = preSolution
		HideSolutionNode = FALSE
	EndGlobalSection
	GlobalSection(ExtensibilityGlobals) = postSolution
		SolutionGuid = {11A59A8A-1050-4954-A44C-40A3E8593D7B}
	EndGlobalSection
EndGlobal
